
Microsoft Visual Studio Solution File, Format Version 12.00
# Visual Studio 2013
VisualStudioVersion = 12.0.31101.0
MinimumVisualStudioVersion = 10.0.40219.1
Project("{FAE04EC0-301F-11D3-BF4B-00C04F79EFBC}") = "FriendBook.API", "FriendBook.API\FriendBook.API.csproj", "{F4F4327B-ED08-4337-AA13-DFE7BF6A83FD}"
EndProject
Project("{2150E333-8FDC-42A3-9474-1A3956D46DE8}") = "API", "API", "{23010745-D333-48F5-84FB-E2F7941D01B4}"
EndProject
Project("{2150E333-8FDC-42A3-9474-1A3956D46DE8}") = "WEBAdmin", "WEBAdmin", "{33FD8A38-5FA3-4B3F-AFF1-828DBDA4508F}"
EndProject
Project("{2150E333-8FDC-42A3-9474-1A3956D46DE8}") = "WebPC", "WebPC", "{E62E993A-4091-4880-901F-242BDD80C141}"
EndProject
Project("{FAE04EC0-301F-11D3-BF4B-00C04F79EFBC}") = "FriendBook.WebAdmin", "FriendBook.WebAdmin\FriendBook.WebAdmin.csproj", "{A3A36F73-0FDE-4404-B044-3CBA5E4383B0}"
EndProject
Project("{FAE04EC0-301F-11D3-BF4B-00C04F79EFBC}") = "FriendBook.WebPC", "FriendBook.WebPC\FriendBook.WebPC.csproj", "{31E497C7-7E1E-4D9E-82D1-CDDBFEC06101}"
EndProject
Project("{FAE04EC0-301F-11D3-BF4B-00C04F79EFBC}") = "Framework.Cache", "Framework.Cache\Framework.Cache.csproj", "{C0F136E3-1CD1-4608-90F9-1FD1A1E98048}"
EndProject
Project("{FAE04EC0-301F-11D3-BF4B-00C04F79EFBC}") = "Framework.Common", "Framework.Common\Framework.Common.csproj", "{76DFDDFB-B838-4560-9F62-1112FC45A736}"
EndProject
Project("{FAE04EC0-301F-11D3-BF4B-00C04F79EFBC}") = "Framework.Log", "Framework.Log\Framework.Log.csproj", "{5714D50B-4794-42CD-A3D2-5FEB735436E4}"
EndProject
Project("{2150E333-8FDC-42A3-9474-1A3956D46DE8}") = "Framework", "Framework", "{AF25FAF5-4137-4871-8B00-02C2F67CE149}"
EndProject
Project("{FAE04EC0-301F-11D3-BF4B-00C04F79EFBC}") = "FriendBook.DataAccess.FE", "FriendBook.DataAccess.FE\FriendBook.DataAccess.FE.csproj", "{3DF19664-2616-4735-864D-C61257FB5218}"
EndProject
Project("{FAE04EC0-301F-11D3-BF4B-00C04F79EFBC}") = "FriendBook.WebPC.Businsee", "FriendBook.WebPC.Businsee\FriendBook.WebPC.Businsee.csproj", "{6CA03060-9B73-48F0-A8F0-2F46548AEC28}"
EndProject
Project("{FAE04EC0-301F-11D3-BF4B-00C04F79EFBC}") = "FriendBook.WebAdmin.Businsee", "FriendBook.WebAdmin.Businsee\FriendBook.WebAdmin.Businsee.csproj", "{AB74B677-FC67-4B2E-B3E5-55F6EB1709A5}"
EndProject
Project("{FAE04EC0-301F-11D3-BF4B-00C04F79EFBC}") = "FriendBook.API.Businsee", "FriendBook.API.Businsee\FriendBook.API.Businsee.csproj", "{E91E7318-7C0E-47FF-83A5-E5D84A8E7C44}"
EndProject
Global
	GlobalSection(SolutionConfigurationPlatforms) = preSolution
		Debug|Any CPU = Debug|Any CPU
		Release|Any CPU = Release|Any CPU
	EndGlobalSection
	GlobalSection(ProjectConfigurationPlatforms) = postSolution
		{F4F4327B-ED08-4337-AA13-DFE7BF6A83FD}.Debug|Any CPU.ActiveCfg = Debug|Any CPU
		{F4F4327B-ED08-4337-AA13-DFE7BF6A83FD}.Debug|Any CPU.Build.0 = Debug|Any CPU
		{F4F4327B-ED08-4337-AA13-DFE7BF6A83FD}.Release|Any CPU.ActiveCfg = Release|Any CPU
		{F4F4327B-ED08-4337-AA13-DFE7BF6A83FD}.Release|Any CPU.Build.0 = Release|Any CPU
		{A3A36F73-0FDE-4404-B044-3CBA5E4383B0}.Debug|Any CPU.ActiveCfg = Debug|Any CPU
		{A3A36F73-0FDE-4404-B044-3CBA5E4383B0}.Debug|Any CPU.Build.0 = Debug|Any CPU
		{A3A36F73-0FDE-4404-B044-3CBA5E4383B0}.Release|Any CPU.ActiveCfg = Release|Any CPU
		{A3A36F73-0FDE-4404-B044-3CBA5E4383B0}.Release|Any CPU.Build.0 = Release|Any CPU
		{31E497C7-7E1E-4D9E-82D1-CDDBFEC06101}.Debug|Any CPU.ActiveCfg = Debug|Any CPU
		{31E497C7-7E1E-4D9E-82D1-CDDBFEC06101}.Debug|Any CPU.Build.0 = Debug|Any CPU
		{31E497C7-7E1E-4D9E-82D1-CDDBFEC06101}.Release|Any CPU.ActiveCfg = Release|Any CPU
		{31E497C7-7E1E-4D9E-82D1-CDDBFEC06101}.Release|Any CPU.Build.0 = Release|Any CPU
		{C0F136E3-1CD1-4608-90F9-1FD1A1E98048}.Debug|Any CPU.ActiveCfg = Debug|Any CPU
		{C0F136E3-1CD1-4608-90F9-1FD1A1E98048}.Debug|Any CPU.Build.0 = Debug|Any CPU
		{C0F136E3-1CD1-4608-90F9-1FD1A1E98048}.Release|Any CPU.ActiveCfg = Release|Any CPU
		{C0F136E3-1CD1-4608-90F9-1FD1A1E98048}.Release|Any CPU.Build.0 = Release|Any CPU
		{76DFDDFB-B838-4560-9F62-1112FC45A736}.Debug|Any CPU.ActiveCfg = Debug|Any CPU
		{76DFDDFB-B838-4560-9F62-1112FC45A736}.Debug|Any CPU.Build.0 = Debug|Any CPU
		{76DFDDFB-B838-4560-9F62-1112FC45A736}.Release|Any CPU.ActiveCfg = Release|Any CPU
		{76DFDDFB-B838-4560-9F62-1112FC45A736}.Release|Any CPU.Build.0 = Release|Any CPU
		{5714D50B-4794-42CD-A3D2-5FEB735436E4}.Debug|Any CPU.ActiveCfg = Debug|Any CPU
		{5714D50B-4794-42CD-A3D2-5FEB735436E4}.Debug|Any CPU.Build.0 = Debug|Any CPU
		{5714D50B-4794-42CD-A3D2-5FEB735436E4}.Release|Any CPU.ActiveCfg = Release|Any CPU
		{5714D50B-4794-42CD-A3D2-5FEB735436E4}.Release|Any CPU.Build.0 = Release|Any CPU
		{3DF19664-2616-4735-864D-C61257FB5218}.Debug|Any CPU.ActiveCfg = Debug|Any CPU
		{3DF19664-2616-4735-864D-C61257FB5218}.Debug|Any CPU.Build.0 = Debug|Any CPU
		{3DF19664-2616-4735-864D-C61257FB5218}.Release|Any CPU.ActiveCfg = Release|Any CPU
		{3DF19664-2616-4735-864D-C61257FB5218}.Release|Any CPU.Build.0 = Release|Any CPU
		{6CA03060-9B73-48F0-A8F0-2F46548AEC28}.Debug|Any CPU.ActiveCfg = Debug|Any CPU
		{6CA03060-9B73-48F0-A8F0-2F46548AEC28}.Debug|Any CPU.Build.0 = Debug|Any CPU
		{6CA03060-9B73-48F0-A8F0-2F46548AEC28}.Release|Any CPU.ActiveCfg = Release|Any CPU
		{6CA03060-9B73-48F0-A8F0-2F46548AEC28}.Release|Any CPU.Build.0 = Release|Any CPU
		{AB74B677-FC67-4B2E-B3E5-55F6EB1709A5}.Debug|Any CPU.ActiveCfg = Debug|Any CPU
		{AB74B677-FC67-4B2E-B3E5-55F6EB1709A5}.Debug|Any CPU.Build.0 = Debug|Any CPU
		{AB74B677-FC67-4B2E-B3E5-55F6EB1709A5}.Release|Any CPU.ActiveCfg = Release|Any CPU
		{AB74B677-FC67-4B2E-B3E5-55F6EB1709A5}.Release|Any CPU.Build.0 = Release|Any CPU
		{E91E7318-7C0E-47FF-83A5-E5D84A8E7C44}.Debug|Any CPU.ActiveCfg = Debug|Any CPU
		{E91E7318-7C0E-47FF-83A5-E5D84A8E7C44}.Debug|Any CPU.Build.0 = Debug|Any CPU
		{E91E7318-7C0E-47FF-83A5-E5D84A8E7C44}.Release|Any CPU.ActiveCfg = Release|Any CPU
		{E91E7318-7C0E-47FF-83A5-E5D84A8E7C44}.Release|Any CPU.Build.0 = Release|Any CPU
	EndGlobalSection
	GlobalSection(SolutionProperties) = preSolution
		HideSolutionNode = FALSE
	EndGlobalSection
	GlobalSection(NestedProjects) = preSolution
		{F4F4327B-ED08-4337-AA13-DFE7BF6A83FD} = {23010745-D333-48F5-84FB-E2F7941D01B4}
		{A3A36F73-0FDE-4404-B044-3CBA5E4383B0} = {33FD8A38-5FA3-4B3F-AFF1-828DBDA4508F}
		{31E497C7-7E1E-4D9E-82D1-CDDBFEC06101} = {E62E993A-4091-4880-901F-242BDD80C141}
		{C0F136E3-1CD1-4608-90F9-1FD1A1E98048} = {AF25FAF5-4137-4871-8B00-02C2F67CE149}
		{76DFDDFB-B838-4560-9F62-1112FC45A736} = {AF25FAF5-4137-4871-8B00-02C2F67CE149}
		{5714D50B-4794-42CD-A3D2-5FEB735436E4} = {AF25FAF5-4137-4871-8B00-02C2F67CE149}
		{6CA03060-9B73-48F0-A8F0-2F46548AEC28} = {E62E993A-4091-4880-901F-242BDD80C141}
		{AB74B677-FC67-4B2E-B3E5-55F6EB1709A5} = {33FD8A38-5FA3-4B3F-AFF1-828DBDA4508F}
		{E91E7318-7C0E-47FF-83A5-E5D84A8E7C44} = {23010745-D333-48F5-84FB-E2F7941D01B4}
	EndGlobalSection
EndGlobal
